
Microsoft Visual Studio Solution File, Format Version 12.00
# Visual Studio Version 16
VisualStudioVersion = 16.0.29326.143
MinimumVisualStudioVersion = 10.0.40219.1
Project("{FAE04EC0-301F-11D3-BF4B-00C04F79EFBC}") = "Blog.Api", "Blog.Api\Blog.Api.csproj", "{91F8B8A3-99EC-4B46-98CC-D91DFCA0C21D}"
EndProject
Global
	GlobalSection(SolutionConfigurationPlatforms) = preSolution
		Debug|Any CPU = Debug|Any CPU
		Release|Any CPU = Release|Any CPU
	EndGlobalSection
	GlobalSection(ProjectConfigurationPlatforms) = postSolution
		{91F8B8A3-99EC-4B46-98CC-D91DFCA0C21D}.Debug|Any CPU.ActiveCfg = Debug|Any CPU
		{91F8B8A3-99EC-4B46-98CC-D91DFCA0C21D}.Debug|Any CPU.Build.0 = Debug|Any CPU
		{91F8B8A3-99EC-4B46-98CC-D91DFCA0C21D}.Release|Any CPU.ActiveCfg = Release|Any CPU
		{91F8B8A3-99EC-4B46-98CC-D91DFCA0C21D}.Release|Any CPU.Build.0 = Release|Any CPU
	EndGlobalSection
	GlobalSection(SolutionProperties) = preSolution
		HideSolutionNode = FALSE
	EndGlobalSection
	GlobalSection(ExtensibilityGlobals) = postSolution
		SolutionGuid = {EBD3B596-D481-446D-B91E-1116A636AA3C}
	EndGlobalSection
EndGlobal
